
Microsoft Visual Studio Solution File, Format Version 12.00
# Visual Studio Version 17
VisualStudioVersion = 17.9.34728.123
MinimumVisualStudioVersion = 10.0.40219.1
Project("{FAE04EC0-301F-11D3-BF4B-00C04F79EFBC}") = "QLNH_APIs", "QLNH_APIs\QLNH_APIs.csproj", "{E928C733-48B2-4E93-86D0-B9BA6DD83A2A}"
EndProject
Global
	GlobalSection(SolutionConfigurationPlatforms) = preSolution
		Debug|Any CPU = Debug|Any CPU
		Release|Any CPU = Release|Any CPU
	EndGlobalSection
	GlobalSection(ProjectConfigurationPlatforms) = postSolution
		{E928C733-48B2-4E93-86D0-B9BA6DD83A2A}.Debug|Any CPU.ActiveCfg = Debug|Any CPU
		{E928C733-48B2-4E93-86D0-B9BA6DD83A2A}.Debug|Any CPU.Build.0 = Debug|Any CPU
		{E928C733-48B2-4E93-86D0-B9BA6DD83A2A}.Release|Any CPU.ActiveCfg = Release|Any CPU
		{E928C733-48B2-4E93-86D0-B9BA6DD83A2A}.Release|Any CPU.Build.0 = Release|Any CPU
	EndGlobalSection
	GlobalSection(SolutionProperties) = preSolution
		HideSolutionNode = FALSE
	EndGlobalSection
	GlobalSection(ExtensibilityGlobals) = postSolution
		SolutionGuid = {8A579713-CA08-4B05-B3A6-98ECC81C5E82}
	EndGlobalSection
EndGlobal
